
Microsoft Visual Studio Solution File, Format Version 12.00
# Visual Studio 15
Project("{FAE04EC0-301F-11D3-BF4B-00C04F79EFBC}") = "Assembly-CSharp", "Assembly-CSharp.csproj", "{AC67FE09-E541-5DB8-11E2-2782C9B1BE0C}"
EndProject
Global
	GlobalSection(SolutionConfigurationPlatforms) = preSolution
		Debug|Any CPU = Debug|Any CPU
		Release|Any CPU = Release|Any CPU
	EndGlobalSection
	GlobalSection(ProjectConfigurationPlatforms) = postSolution
		{AC67FE09-E541-5DB8-11E2-2782C9B1BE0C}.Debug|Any CPU.ActiveCfg = Debug|Any CPU
		{AC67FE09-E541-5DB8-11E2-2782C9B1BE0C}.Debug|Any CPU.Build.0 = Debug|Any CPU
		{AC67FE09-E541-5DB8-11E2-2782C9B1BE0C}.Release|Any CPU.ActiveCfg = Release|Any CPU
		{AC67FE09-E541-5DB8-11E2-2782C9B1BE0C}.Release|Any CPU.Build.0 = Release|Any CPU
	EndGlobalSection
	GlobalSection(SolutionProperties) = preSolution
		HideSolutionNode = FALSE
	EndGlobalSection
EndGlobal
